
Microsoft Visual Studio Solution File, Format Version 12.00
# Visual Studio Version 16
VisualStudioVersion = 16.0.31911.196
MinimumVisualStudioVersion = 10.0.40219.1
Project("{9A19103F-16F7-4668-BE54-9A1E7A4F7556}") = "APIGateway", "APIGateway\APIGateway.csproj", "{A77791A0-434A-433D-BD26-C14581701791}"
EndProject
Project("{2150E333-8FDC-42A3-9474-1A3956D46DE8}") = "Services", "Services", "{FC2682B6-A7A2-4D66-9445-509AAD0B65E2}"
EndProject
Project("{9A19103F-16F7-4668-BE54-9A1E7A4F7556}") = "Contact.API", "Services\ContactAPI\ContactAPI\Contact.API.csproj", "{B7090715-284D-42AA-AFE2-00ED9FE53539}"
EndProject
Project("{9A19103F-16F7-4668-BE54-9A1E7A4F7556}") = "Reservation.API", "Services\ResAPI\ReservationAPI\Reservation.API.csproj", "{A1CF2C55-B736-47E3-B349-32D0EB9AE718}"
EndProject
Project("{2150E333-8FDC-42A3-9474-1A3956D46DE8}") = "ContactAPI_", "ContactAPI_", "{114158DA-3133-4F07-AED0-933E8AB9F273}"
EndProject
Project("{2150E333-8FDC-42A3-9474-1A3956D46DE8}") = "ReservationAPI_", "ReservationAPI_", "{C92A228A-6592-4AB0-9145-3BF2BD36978A}"
EndProject
Project("{9A19103F-16F7-4668-BE54-9A1E7A4F7556}") = "Contact.API.Infrastructure", "Services\ContactAPI\ContactAPI.Infrastructure\Contact.API.Infrastructure.csproj", "{C3A4F28E-7822-4182-846A-59383F7BC31D}"
EndProject
Project("{9A19103F-16F7-4668-BE54-9A1E7A4F7556}") = "Contact.API.Models", "Services\ContactAPI\Contact.API.Models\Contact.API.Models.csproj", "{2EA53765-CD48-4E80-8C6E-5F5593AB727C}"
EndProject
Project("{9A19103F-16F7-4668-BE54-9A1E7A4F7556}") = "Contact.API.Services", "Services\ContactAPI\Contact.API.Services\Contact.API.Services.csproj", "{FA700A16-A23A-453A-ACFE-71F582EBD44A}"
EndProject
Project("{9A19103F-16F7-4668-BE54-9A1E7A4F7556}") = "Reservation.API.Models", "Services\ResAPI\Reservation.API.Models\Reservation.API.Models.csproj", "{B6927030-F232-4D45-AA29-115A14A60A17}"
EndProject
Project("{9A19103F-16F7-4668-BE54-9A1E7A4F7556}") = "Reservation.API.Services", "Services\ResAPI\Reservation.API.Services\Reservation.API.Services.csproj", "{2F5C7E33-9DC1-4312-9AE1-8E308F739B05}"
EndProject
Project("{9A19103F-16F7-4668-BE54-9A1E7A4F7556}") = "Reservation.API.Infrastructure", "Services\ResAPI\Reservation.API.Infrastructure\Reservation.API.Infrastructure.csproj", "{CC17DC95-416F-41DE-BC88-F397BB16CF28}"
EndProject
Project("{2150E333-8FDC-42A3-9474-1A3956D46DE8}") = "Solution Items", "Solution Items", "{E99B690A-096C-4631-8836-430A72ED2270}"
	ProjectSection(SolutionItems) = preProject
		docker-compose.yml = docker-compose.yml
	EndProjectSection
EndProject
Global
	GlobalSection(SolutionConfigurationPlatforms) = preSolution
		Debug|Any CPU = Debug|Any CPU
		Release|Any CPU = Release|Any CPU
	EndGlobalSection
	GlobalSection(ProjectConfigurationPlatforms) = postSolution
		{A77791A0-434A-433D-BD26-C14581701791}.Debug|Any CPU.ActiveCfg = Debug|Any CPU
		{A77791A0-434A-433D-BD26-C14581701791}.Debug|Any CPU.Build.0 = Debug|Any CPU
		{A77791A0-434A-433D-BD26-C14581701791}.Release|Any CPU.ActiveCfg = Release|Any CPU
		{A77791A0-434A-433D-BD26-C14581701791}.Release|Any CPU.Build.0 = Release|Any CPU
		{B7090715-284D-42AA-AFE2-00ED9FE53539}.Debug|Any CPU.ActiveCfg = Debug|Any CPU
		{B7090715-284D-42AA-AFE2-00ED9FE53539}.Debug|Any CPU.Build.0 = Debug|Any CPU
		{B7090715-284D-42AA-AFE2-00ED9FE53539}.Release|Any CPU.ActiveCfg = Release|Any CPU
		{B7090715-284D-42AA-AFE2-00ED9FE53539}.Release|Any CPU.Build.0 = Release|Any CPU
		{A1CF2C55-B736-47E3-B349-32D0EB9AE718}.Debug|Any CPU.ActiveCfg = Debug|Any CPU
		{A1CF2C55-B736-47E3-B349-32D0EB9AE718}.Debug|Any CPU.Build.0 = Debug|Any CPU
		{A1CF2C55-B736-47E3-B349-32D0EB9AE718}.Release|Any CPU.ActiveCfg = Release|Any CPU
		{A1CF2C55-B736-47E3-B349-32D0EB9AE718}.Release|Any CPU.Build.0 = Release|Any CPU
		{C3A4F28E-7822-4182-846A-59383F7BC31D}.Debug|Any CPU.ActiveCfg = Debug|Any CPU
		{C3A4F28E-7822-4182-846A-59383F7BC31D}.Debug|Any CPU.Build.0 = Debug|Any CPU
		{C3A4F28E-7822-4182-846A-59383F7BC31D}.Release|Any CPU.ActiveCfg = Release|Any CPU
		{C3A4F28E-7822-4182-846A-59383F7BC31D}.Release|Any CPU.Build.0 = Release|Any CPU
		{2EA53765-CD48-4E80-8C6E-5F5593AB727C}.Debug|Any CPU.ActiveCfg = Debug|Any CPU
		{2EA53765-CD48-4E80-8C6E-5F5593AB727C}.Debug|Any CPU.Build.0 = Debug|Any CPU
		{2EA53765-CD48-4E80-8C6E-5F5593AB727C}.Release|Any CPU.ActiveCfg = Release|Any CPU
		{2EA53765-CD48-4E80-8C6E-5F5593AB727C}.Release|Any CPU.Build.0 = Release|Any CPU
		{FA700A16-A23A-453A-ACFE-71F582EBD44A}.Debug|Any CPU.ActiveCfg = Debug|Any CPU
		{FA700A16-A23A-453A-ACFE-71F582EBD44A}.Debug|Any CPU.Build.0 = Debug|Any CPU
		{FA700A16-A23A-453A-ACFE-71F582EBD44A}.Release|Any CPU.ActiveCfg = Release|Any CPU
		{FA700A16-A23A-453A-ACFE-71F582EBD44A}.Release|Any CPU.Build.0 = Release|Any CPU
		{B6927030-F232-4D45-AA29-115A14A60A17}.Debug|Any CPU.ActiveCfg = Debug|Any CPU
		{B6927030-F232-4D45-AA29-115A14A60A17}.Debug|Any CPU.Build.0 = Debug|Any CPU
		{B6927030-F232-4D45-AA29-115A14A60A17}.Release|Any CPU.ActiveCfg = Release|Any CPU
		{B6927030-F232-4D45-AA29-115A14A60A17}.Release|Any CPU.Build.0 = Release|Any CPU
		{2F5C7E33-9DC1-4312-9AE1-8E308F739B05}.Debug|Any CPU.ActiveCfg = Debug|Any CPU
		{2F5C7E33-9DC1-4312-9AE1-8E308F739B05}.Debug|Any CPU.Build.0 = Debug|Any CPU
		{2F5C7E33-9DC1-4312-9AE1-8E308F739B05}.Release|Any CPU.ActiveCfg = Release|Any CPU
		{2F5C7E33-9DC1-4312-9AE1-8E308F739B05}.Release|Any CPU.Build.0 = Release|Any CPU
		{CC17DC95-416F-41DE-BC88-F397BB16CF28}.Debug|Any CPU.ActiveCfg = Debug|Any CPU
		{CC17DC95-416F-41DE-BC88-F397BB16CF28}.Debug|Any CPU.Build.0 = Debug|Any CPU
		{CC17DC95-416F-41DE-BC88-F397BB16CF28}.Release|Any CPU.ActiveCfg = Release|Any CPU
		{CC17DC95-416F-41DE-BC88-F397BB16CF28}.Release|Any CPU.Build.0 = Release|Any CPU
	EndGlobalSection
	GlobalSection(SolutionProperties) = preSolution
		HideSolutionNode = FALSE
	EndGlobalSection
	GlobalSection(NestedProjects) = preSolution
		{B7090715-284D-42AA-AFE2-00ED9FE53539} = {114158DA-3133-4F07-AED0-933E8AB9F273}
		{A1CF2C55-B736-47E3-B349-32D0EB9AE718} = {C92A228A-6592-4AB0-9145-3BF2BD36978A}
		{114158DA-3133-4F07-AED0-933E8AB9F273} = {FC2682B6-A7A2-4D66-9445-509AAD0B65E2}
		{C92A228A-6592-4AB0-9145-3BF2BD36978A} = {FC2682B6-A7A2-4D66-9445-509AAD0B65E2}
		{C3A4F28E-7822-4182-846A-59383F7BC31D} = {114158DA-3133-4F07-AED0-933E8AB9F273}
		{2EA53765-CD48-4E80-8C6E-5F5593AB727C} = {114158DA-3133-4F07-AED0-933E8AB9F273}
		{FA700A16-A23A-453A-ACFE-71F582EBD44A} = {114158DA-3133-4F07-AED0-933E8AB9F273}
		{B6927030-F232-4D45-AA29-115A14A60A17} = {C92A228A-6592-4AB0-9145-3BF2BD36978A}
		{2F5C7E33-9DC1-4312-9AE1-8E308F739B05} = {C92A228A-6592-4AB0-9145-3BF2BD36978A}
		{CC17DC95-416F-41DE-BC88-F397BB16CF28} = {C92A228A-6592-4AB0-9145-3BF2BD36978A}
	EndGlobalSection
	GlobalSection(ExtensibilityGlobals) = postSolution
		SolutionGuid = {D57DEDA3-FB69-472A-87DB-25B5DDE7552C}
	EndGlobalSection
EndGlobal
